# THIS IS AN AUTOGENERATED FILE. DO NOT EDIT THIS FILE DIRECTLY.
# yarn lockfile v1


turbo-darwin-64@1.11.2:
  version "1.11.2"
  resolved "https://registry.npmjs.org/turbo-darwin-64/-/turbo-darwin-64-1.11.2.tgz#fc3d4d74b325a27aef11b6a52a61f07d466846b9"
  integrity sha512-toFmRG/adriZY3hOps7nYCfqHAS+Ci6xqgX3fbo82kkLpC6OBzcXnleSwuPqjHVAaRNhVoB83L5njcE9Qwi2og==

turbo-darwin-arm64@1.11.2:
  version "1.11.2"
  resolved "https://registry.npmjs.org/turbo-darwin-arm64/-/turbo-darwin-arm64-1.11.2.tgz#583a4d0025bc3f953a9eeb7065cb173f481a9965"
  integrity sha512-FCsEDZ8BUSFYEOSC3rrARQrj7x2VOrmVcfrMUIhexTxproRh4QyMxLfr6LALk4ymx6jbDCxWa6Szal8ckldFbA==

turbo-linux-64@1.11.2:
  version "1.11.2"
  resolved "https://registry.npmjs.org/turbo-linux-64/-/turbo-linux-64-1.11.2.tgz#55ef996d856cb397b9fb2855a554ccef1cee9dd7"
  integrity sha512-Vzda/o/QyEske5CxLf0wcu7UUS+7zB90GgHZV4tyN+WZtoouTvbwuvZ3V6b5Wgd3OJ/JwWR0CXDK7Sf4VEMr7A==

turbo-linux-arm64@1.11.2:
  version "1.11.2"
  resolved "https://registry.npmjs.org/turbo-linux-arm64/-/turbo-linux-arm64-1.11.2.tgz#64d6093c9a2f32f410624564fd10685c847d947e"
  integrity sha512-bRLwovQRz0yxDZrM4tQEAYV0fBHEaTzUF0JZ8RG1UmZt/CqtpnUrJpYb1VK8hj1z46z9YehARpYCwQ2K0qU4yw==

turbo-windows-64@1.11.2:
  version "1.11.2"
  resolved "https://registry.npmjs.org/turbo-windows-64/-/turbo-windows-64-1.11.2.tgz#f4164be9c42796c86ca3929e27f1992a4310b9ed"
  integrity sha512-LgTWqkHAKgyVuLYcEPxZVGPInTjjeCnN5KQMdJ4uQZ+xMDROvMFS2rM93iQl4ieDJgidwHCxxCxaU9u8c3d/Kg==

turbo-windows-arm64@1.11.2:
  version "1.11.2"
  resolved "https://registry.npmjs.org/turbo-windows-arm64/-/turbo-windows-arm64-1.11.2.tgz#ca1b4d7ac6fe8c931baef1a270ac07bbd924277b"
  integrity sha512-829aVBU7IX0c/B4G7g1VI8KniAGutHhIupkYMgF6xPkYVev2G3MYe6DMS/vsLt9GGM9ulDtdWxWrH5P2ngK8IQ==

turbo@^1.11.2:
  version "1.11.2"
  resolved "https://registry.npmjs.org/turbo/-/turbo-1.11.2.tgz#7bae6df12c210e9b12973aad8f0e7b077039d4ce"
  integrity sha512-jPC7LVQJzebs5gWf8FmEvsvXGNyKbN+O9qpvv98xpNaM59aS0/Irhd0H0KbcqnXfsz7ETlzOC3R+xFWthC4Z8A==
  optionalDependencies:
    turbo-darwin-64 "1.11.2"
    turbo-darwin-arm64 "1.11.2"
    turbo-linux-64 "1.11.2"
    turbo-linux-arm64 "1.11.2"
    turbo-windows-64 "1.11.2"
    turbo-windows-arm64 "1.11.2"
